
Microsoft Visual Studio Solution File, Format Version 12.00
# Visual Studio Version 17
VisualStudioVersion = 17.7.34221.43
MinimumVisualStudioVersion = 10.0.40219.1
Project("{FAE04EC0-301F-11D3-BF4B-00C04F79EFBC}") = "TicketKiosk", "TicketKiosk\TicketKiosk.csproj", "{9A35B265-C998-43F9-A609-5EA06ED6B620}"
EndProject
Global
	GlobalSection(SolutionConfigurationPlatforms) = preSolution
		Debug|Any CPU = Debug|Any CPU
		Release|Any CPU = Release|Any CPU
	EndGlobalSection
	GlobalSection(ProjectConfigurationPlatforms) = postSolution
		{9A35B265-C998-43F9-A609-5EA06ED6B620}.Debug|Any CPU.ActiveCfg = Debug|Any CPU
		{9A35B265-C998-43F9-A609-5EA06ED6B620}.Debug|Any CPU.Build.0 = Debug|Any CPU
		{9A35B265-C998-43F9-A609-5EA06ED6B620}.Release|Any CPU.ActiveCfg = Release|Any CPU
		{9A35B265-C998-43F9-A609-5EA06ED6B620}.Release|Any CPU.Build.0 = Release|Any CPU
	EndGlobalSection
	GlobalSection(SolutionProperties) = preSolution
		HideSolutionNode = FALSE
	EndGlobalSection
	GlobalSection(ExtensibilityGlobals) = postSolution
		SolutionGuid = {1546BECC-62C0-4471-964B-C5E4D83D22A4}
	EndGlobalSection
EndGlobal
